
Microsoft Visual Studio Solution File, Format Version 12.00
# Visual Studio Version 16
VisualStudioVersion = 16.0.30523.141
MinimumVisualStudioVersion = 10.0.40219.1
Project("{FAE04EC0-301F-11D3-BF4B-00C04F79EFBC}") = "LinkTool", "LinkTool\LinkTool.csproj", "{6D789B11-CB96-4AA4-A716-5F166899E75F}"
EndProject
Global
	GlobalSection(SolutionConfigurationPlatforms) = preSolution
		Debug|Any CPU = Debug|Any CPU
		Release|Any CPU = Release|Any CPU
	EndGlobalSection
	GlobalSection(ProjectConfigurationPlatforms) = postSolution
		{6D789B11-CB96-4AA4-A716-5F166899E75F}.Debug|Any CPU.ActiveCfg = Debug|Any CPU
		{6D789B11-CB96-4AA4-A716-5F166899E75F}.Debug|Any CPU.Build.0 = Debug|Any CPU
		{6D789B11-CB96-4AA4-A716-5F166899E75F}.Release|Any CPU.ActiveCfg = Release|Any CPU
		{6D789B11-CB96-4AA4-A716-5F166899E75F}.Release|Any CPU.Build.0 = Release|Any CPU
	EndGlobalSection
	GlobalSection(SolutionProperties) = preSolution
		HideSolutionNode = FALSE
	EndGlobalSection
	GlobalSection(ExtensibilityGlobals) = postSolution
		SolutionGuid = {62F79039-D4EB-430D-B588-68A6F9F4A6F7}
	EndGlobalSection
EndGlobal
